{
  "nodes": {
    "doom-emacs": {
      "inputs": {
        "doomemacs": "doomemacs",
        "emacs-overlay": "emacs-overlay",
        "nixpkgs": [
          "nixpkgs"
        ],
        "systems": "systems"
      },
      "locked": {
        "lastModified": 1778155446,
        "narHash": "sha256-Vp2CNcnXvp1y+wsLvnyraf6eDmqIlF9m0Iav6TRi0V0=",
        "owner": "marienz",
        "repo": "nix-doom-emacs-unstraightened",
        "rev": "6c5c39fb2c84835bd840152ed819efb2fce0d199",
        "type": "github"
      },
      "original": {
        "owner": "marienz",
        "repo": "nix-doom-emacs-unstraightened",
        "type": "github"
      }
    },
    "doomemacs": {
      "flake": false,
      "locked": {
        "lastModified": 1778121656,
        "narHash": "sha256-2rIRfcJHSAqeRoenCU21GAH4EoypGrKDitNuoOAnh3A=",
        "owner": "doomemacs",
        "repo": "doomemacs",
        "rev": "541207196fd1ec71bc81393f57ca91263c23b682",
        "type": "github"
      },
      "original": {
        "owner": "doomemacs",
        "repo": "doomemacs",
        "type": "github"
      }
    },
    "emacs-overlay": {
      "inputs": {
        "nixpkgs": [
          "doom-emacs"
        ],
        "nixpkgs-stable": [
          "doom-emacs"
        ]
      },
      "locked": {
        "lastModified": 1778149596,
        "narHash": "sha256-49vva6E91dm8v+9092K4ph/VL7726RQ3P06b/57nveI=",
        "owner": "nix-community",
        "repo": "emacs-overlay",
        "rev": "5bf130789d22455c6adec4de06074ebf2af50a63",
        "type": "github"
      },
      "original": {
        "owner": "nix-community",
        "repo": "emacs-overlay",
        "type": "github"
      }
    },
    "flake-compat": {
      "locked": {
        "lastModified": 1767039857,
        "narHash": "sha256-vNpUSpF5Nuw8xvDLj2KCwwksIbjua2LZCqhV1LNRDns=",
        "owner": "edolstra",
        "repo": "flake-compat",
        "rev": "5edf11c44bc78a0d334f6334cdaf7d60d732daab",
        "type": "github"
      },
      "original": {
        "owner": "edolstra",
        "repo": "flake-compat",
        "type": "github"
      }
    },
    "home-manager": {
      "inputs": {
        "nixpkgs": [
          "nixpkgs"
        ]
      },
      "locked": {
        "lastModified": 1778144356,
        "narHash": "sha256-dGM+QCstz/DyLB68+JK5GWyMx4QSqmOJEVgZmy63d/g=",
        "owner": "nix-community",
        "repo": "home-manager",
        "rev": "e4419d3123b780d5f4c0bceeace450424387638c",
        "type": "github"
      },
      "original": {
        "owner": "nix-community",
        "repo": "home-manager",
        "type": "github"
      }
    },
    "infract": {
      "inputs": {
        "nixpkgs": [
          "nixpkgs"
        ]
      },
      "locked": {
        "dir": "nix",
        "lastModified": 1782936230,
        "narHash": "sha256-qFOEzNG0qD1kP4tXRCrTUhhDTNr3lEPUF79x0mGnWtA=",
        "owner": "NaokoAF",
        "repo": "InFract",
        "rev": "a53fc2f4184f125d44a225cdf8f0bff0b499d27c",
        "type": "github"
      },
      "original": {
        "dir": "nix",
        "owner": "NaokoAF",
        "repo": "InFract",
        "rev": "a53fc2f4184f125d44a225cdf8f0bff0b499d27c",
        "type": "github"
      }
    },
    "musnix": {
      "inputs": {
        "nixpkgs": [
          "nixpkgs"
        ]
      },
      "locked": {
        "lastModified": 1777848538,
        "narHash": "sha256-Dj51C0NWsglqRrCpdmMr2nFiYacFOid1Tor4H9yG2HY=",
        "owner": "musnix",
        "repo": "musnix",
        "rev": "8548782f0d1d0928daa3fffde8a008f72219a3f3",
        "type": "github"
      },
      "original": {
        "owner": "musnix",
        "repo": "musnix",
        "type": "github"
      }
    },
    "niri-nix": {
      "inputs": {
        "niri-unstable": "niri-unstable",
        "nixpkgs": [
          "nixpkgs"
        ],
        "xwayland-satellite-unstable": "xwayland-satellite-unstable"
      },
      "locked": {
        "lastModified": 1780100188,
        "narHash": "sha256-hymi6vwcrO6cohO8fcK+A3+kx4PkqmApYty/5BTa6Ec=",
        "ref": "refs/heads/main",
        "rev": "5e683782020f3f23e51995235d71ab0b8152272a",
        "revCount": 126,
        "type": "git",
        "url": "https://codeberg.org/BANanaD3V/niri-nix"
      },
      "original": {
        "type": "git",
        "url": "https://codeberg.org/BANanaD3V/niri-nix"
      }
    },
    "niri-unstable": {
      "flake": false,
      "locked": {
        "lastModified": 1780056110,
        "narHash": "sha256-t7lKVshV/srD0G06j4r5P5qj9zaDeZ9JYFCxHDGROZU=",
        "owner": "YaLTeR",
        "repo": "niri",
        "rev": "f9f43d826ab4014a7c302be28d7da33e12f5be37",
        "type": "github"
      },
      "original": {
        "owner": "YaLTeR",
        "repo": "niri",
        "type": "github"
      }
    },
    "nix-alien": {
      "inputs": {
        "flake-compat": "flake-compat",
        "nix-index-database": "nix-index-database",
        "nixpkgs": [
          "nixpkgs"
        ]
      },
      "locked": {
        "lastModified": 1776242217,
        "narHash": "sha256-TRts0fKUPFcf1i6rZHFGUDTfti/x3oKEg/CqsPRpSgs=",
        "owner": "thiagokokada",
        "repo": "nix-alien",
        "rev": "4c5e52dda0d6ab3de814e364046769321d3e1021",
        "type": "github"
      },
      "original": {
        "owner": "thiagokokada",
        "repo": "nix-alien",
        "type": "github"
      }
    },
    "nix-index-database": {
      "inputs": {
        "nixpkgs": [
          "nix-alien",
          "nixpkgs"
        ]
      },
      "locked": {
        "lastModified": 1775970782,
        "narHash": "sha256-7jt9Vpm48Yy5yAWigYpde+HxtYEpEuyzIQJF4VYehhk=",
        "owner": "nix-community",
        "repo": "nix-index-database",
        "rev": "bedba5989b04614fc598af9633033b95a937933f",
        "type": "github"
      },
      "original": {
        "owner": "nix-community",
        "repo": "nix-index-database",
        "type": "github"
      }
    },
    "nix-index-database_2": {
      "inputs": {
        "nixpkgs": [
          "nixpkgs"
        ]
      },
      "locked": {
        "lastModified": 1777787189,
        "narHash": "sha256-2KUbS/HhzWW3kkkY1+RiWj9mJ76VEXw8lBJzcCFKzfY=",
        "owner": "nix-community",
        "repo": "nix-index-database",
        "rev": "2dea2b920e7127b3afa8506713f23536651de312",
        "type": "github"
      },
      "original": {
        "owner": "nix-community",
        "repo": "nix-index-database",
        "type": "github"
      }
    },
    "nixpkgs": {
      "locked": {
        "lastModified": 1777954456,
        "narHash": "sha256-hGdgeU2Nk87RAuZyYjyDjFL6LK7dAZN5RE9+hrDTkDU=",
        "owner": "NixOS",
        "repo": "nixpkgs",
        "rev": "549bd84d6279f9852cae6225e372cc67fb91a4c1",
        "type": "github"
      },
      "original": {
        "owner": "NixOS",
        "ref": "nixos-unstable",
        "repo": "nixpkgs",
        "type": "github"
      }
    },
    "root": {
      "inputs": {
        "doom-emacs": "doom-emacs",
        "home-manager": "home-manager",
        "infract": "infract",
        "musnix": "musnix",
        "niri-nix": "niri-nix",
        "nix-alien": "nix-alien",
        "nix-index-database": "nix-index-database_2",
        "nixpkgs": "nixpkgs",
        "sops-nix": "sops-nix",
        "yeetmouse": "yeetmouse"
      }
    },
    "sops-nix": {
      "inputs": {
        "nixpkgs": [
          "nixpkgs"
        ]
      },
      "locked": {
        "lastModified": 1777944972,
        "narHash": "sha256-VfGRo1qTBKOe3s2gOv8LSoA6Fk19PvBlwQ1ECN0Evn8=",
        "owner": "Mic92",
        "repo": "sops-nix",
        "rev": "c591bf665727040c6cc5cb409079acb22dcce33c",
        "type": "github"
      },
      "original": {
        "owner": "Mic92",
        "repo": "sops-nix",
        "type": "github"
      }
    },
    "systems": {
      "locked": {
        "lastModified": 1681028828,
        "narHash": "sha256-Vy1rq5AaRuLzOxct8nz4T6wlgyUR7zLU309k9mBC768=",
        "owner": "nix-systems",
        "repo": "default",
        "rev": "da67096a3b9bf56a91d16901293e51ba5b49a27e",
        "type": "github"
      },
      "original": {
        "owner": "nix-systems",
        "repo": "default",
        "type": "github"
      }
    },
    "xwayland-satellite-unstable": {
      "flake": false,
      "locked": {
        "lastModified": 1779745227,
        "narHash": "sha256-yqY7RtEJGJiENzR0GwL6q69tSAy6xAAmAcLuIhLjPf8=",
        "owner": "Supreeeme",
        "repo": "xwayland-satellite",
        "rev": "5d1efbc9dc3ab1c10160b656e0247f3325daf0f2",
        "type": "github"
      },
      "original": {
        "owner": "Supreeeme",
        "repo": "xwayland-satellite",
        "type": "github"
      }
    },
    "yeetmouse": {
      "inputs": {
        "nixpkgs": [
          "nixpkgs"
        ]
      },
      "locked": {
        "dir": "nix",
        "lastModified": 1777821873,
        "narHash": "sha256-Dwj5zgA6A+6rSAf8DbLYAl5FxD5/IELzYnkr3rFr10A=",
        "owner": "AndyFilter",
        "repo": "YeetMouse",
        "rev": "568155a0e2f69a0b27bee5ad9f723da141e54875",
        "type": "github"
      },
      "original": {
        "dir": "nix",
        "owner": "AndyFilter",
        "repo": "YeetMouse",
        "type": "github"
      }
    }
  },
  "root": "root",
  "version": 7
}
