{
  "nodes": {
    "doom-emacs": {
      "inputs": {
        "doomdir": "doomdir",
        "doomemacs": "doomemacs",
        "doomemacs-modules": "doomemacs-modules",
        "emacs-overlay": "emacs-overlay",
        "nixpkgs": [
          "nixpkgs"
        ],
        "systems": "systems"
      },
      "locked": {
        "lastModified": 1788696659,
        "narHash": "sha256-7M9RuXzi/T91bG3pSJ7Dytc+SG/pkmJrZ0GkqMAsmqY=",
        "owner": "marienz",
        "repo": "nix-doom-emacs-unstraightened",
        "rev": "34ea5bf6d98bea51abf75d6c61d89bb9c7502132",
        "type": "github"
      },
      "original": {
        "owner": "marienz",
        "repo": "nix-doom-emacs-unstraightened",
        "type": "github"
      }
    },
    "doomdir": {
      "flake": false,
      "locked": {
        "lastModified": 1783603851,
        "narHash": "sha256-PXn0v4NR75U7/FpkaZ9GD6HPepVY5vVT48tMd1tMgdQ=",
        "owner": "marienz",
        "repo": "nix-doom-emacs-unstraightened",
        "rev": "4c63e8a411f815bd2473e5ced94dc4b8bf31d240",
        "type": "github"
      },
      "original": {
        "owner": "marienz",
        "ref": "doomdir",
        "repo": "nix-doom-emacs-unstraightened",
        "type": "github"
      }
    },
    "doomemacs": {
      "flake": false,
      "locked": {
        "lastModified": 1788654597,
        "narHash": "sha256-Ywp5JhRziVk11M8qPhejJS+tF4ONNbOhevj5JRZsfOg=",
        "owner": "doomemacs",
        "repo": "core",
        "rev": "01d68aaf6bd7db073365385cd82e1ad7e815295c",
        "type": "github"
      },
      "original": {
        "owner": "doomemacs",
        "repo": "core",
        "type": "github"
      }
    },
    "doomemacs-modules": {
      "flake": false,
      "locked": {
        "lastModified": 1788284745,
        "narHash": "sha256-W+Xwss52Eb6K+I7TRaCU3Z5zPxmo0PfWbNPNLJv1TjE=",
        "owner": "doomemacs",
        "repo": "modules",
        "rev": "d57ab52a3425b6d39564fb011b0e9571da0e270f",
        "type": "github"
      },
      "original": {
        "owner": "doomemacs",
        "repo": "modules",
        "type": "github"
      }
    },
    "emacs-overlay": {
      "inputs": {
        "nixpkgs": [
          "doom-emacs"
        ],
        "nixpkgs-stable": [
          "doom-emacs"
        ]
      },
      "locked": {
        "lastModified": 1788696073,
        "narHash": "sha256-iY2vSLlYMYMh23WeX0n2Cw3ZvpVIqaTJ1zo2Ap2e2GM=",
        "owner": "nix-community",
        "repo": "emacs-overlay",
        "rev": "42a0733f10a5b42fa09e34d08eb504b3390d31b6",
        "type": "github"
      },
      "original": {
        "owner": "nix-community",
        "repo": "emacs-overlay",
        "type": "github"
      }
    },
    "flake-compat": {
      "locked": {
        "lastModified": 1767039857,
        "narHash": "sha256-vNpUSpF5Nuw8xvDLj2KCwwksIbjua2LZCqhV1LNRDns=",
        "owner": "edolstra",
        "repo": "flake-compat",
        "rev": "5edf11c44bc78a0d334f6334cdaf7d60d732daab",
        "type": "github"
      },
      "original": {
        "owner": "edolstra",
        "repo": "flake-compat",
        "type": "github"
      }
    },
    "flake-parts": {
      "inputs": {
        "nixpkgs-lib": [
          "hermes-agent",
          "nixpkgs"
        ]
      },
      "locked": {
        "lastModified": 1782949081,
        "narHash": "sha256-vp6Y/Grm98ESt6ceOkWiHWyZRDV3J1RID4w+6NWK9yA=",
        "owner": "hercules-ci",
        "repo": "flake-parts",
        "rev": "17c9d6cdfc60c64f4ee8d306f9bc0b4ccb51481e",
        "type": "github"
      },
      "original": {
        "owner": "hercules-ci",
        "repo": "flake-parts",
        "type": "github"
      }
    },
    "hermes-agent": {
      "inputs": {
        "flake-parts": "flake-parts",
        "home-manager": "home-manager",
        "nixpkgs": [
          "nixpkgs"
        ],
        "npm-lockfile-fix": "npm-lockfile-fix",
        "pyproject-build-systems": "pyproject-build-systems",
        "pyproject-nix": "pyproject-nix",
        "uv2nix": "uv2nix"
      },
      "locked": {
        "lastModified": 1788759260,
        "narHash": "sha256-RBKQ/9bGdQPI7/o2tPaV6AejaSmE9lW2hRQi/PZBc4M=",
        "owner": "NousResearch",
        "repo": "hermes-agent",
        "rev": "922c0d670cf46952248dc22c27e4d01531a4a051",
        "type": "github"
      },
      "original": {
        "owner": "NousResearch",
        "repo": "hermes-agent",
        "type": "github"
      }
    },
    "home-manager": {
      "inputs": {
        "nixpkgs": [
          "hermes-agent",
          "nixpkgs"
        ]
      },
      "locked": {
        "lastModified": 1786487128,
        "narHash": "sha256-ad60hrRVhH/bo3Jl1YLzO+QcS3mUNZr9LNJdzhMO2P4=",
        "owner": "nix-community",
        "repo": "home-manager",
        "rev": "f404edbfa4117810c96b97048299242fc50e5362",
        "type": "github"
      },
      "original": {
        "owner": "nix-community",
        "repo": "home-manager",
        "type": "github"
      }
    },
    "home-manager_2": {
      "inputs": {
        "nixpkgs": [
          "nixpkgs"
        ]
      },
      "locked": {
        "lastModified": 1788651960,
        "narHash": "sha256-v9wJd32eZ2bvhBzVOd7TIjLQd011P7nwOhjKtWlci5I=",
        "owner": "nix-community",
        "repo": "home-manager",
        "rev": "2c0350c759688177331b8f5242311fae8877bdb3",
        "type": "github"
      },
      "original": {
        "owner": "nix-community",
        "repo": "home-manager",
        "type": "github"
      }
    },
    "infract": {
      "inputs": {
        "nixpkgs": [
          "nixpkgs"
        ]
      },
      "locked": {
        "dir": "nix",
        "lastModified": 1782936230,
        "narHash": "sha256-qFOEzNG0qD1kP4tXRCrTUhhDTNr3lEPUF79x0mGnWtA=",
        "owner": "NaokoAF",
        "repo": "InFract",
        "rev": "a53fc2f4184f125d44a225cdf8f0bff0b499d27c",
        "type": "github"
      },
      "original": {
        "dir": "nix",
        "owner": "NaokoAF",
        "repo": "InFract",
        "rev": "a53fc2f4184f125d44a225cdf8f0bff0b499d27c",
        "type": "github"
      }
    },
    "musnix": {
      "inputs": {
        "nixpkgs": [
          "nixpkgs"
        ]
      },
      "locked": {
        "lastModified": 1777848538,
        "narHash": "sha256-Dj51C0NWsglqRrCpdmMr2nFiYacFOid1Tor4H9yG2HY=",
        "owner": "musnix",
        "repo": "musnix",
        "rev": "8548782f0d1d0928daa3fffde8a008f72219a3f3",
        "type": "github"
      },
      "original": {
        "owner": "musnix",
        "repo": "musnix",
        "type": "github"
      }
    },
    "niri-nix": {
      "inputs": {
        "niri-unstable": "niri-unstable",
        "nixpkgs": [
          "nixpkgs"
        ],
        "xwayland-satellite-unstable": "xwayland-satellite-unstable"
      },
      "locked": {
        "lastModified": 1788652949,
        "narHash": "sha256-3y5uAxSRt5iKMNORZw4s4Rl76xxw06sh8P40qSyFOK4=",
        "ref": "refs/heads/main",
        "rev": "454c24d4ec447b9ee5439150a097f350b01cd30f",
        "revCount": 182,
        "type": "git",
        "url": "https://codeberg.org/BANanaD3V/niri-nix"
      },
      "original": {
        "type": "git",
        "url": "https://codeberg.org/BANanaD3V/niri-nix"
      }
    },
    "niri-unstable": {
      "flake": false,
      "locked": {
        "lastModified": 1787337984,
        "narHash": "sha256-BNZUEVR2H96hCKENNKoLSSTFT8W4smp7v94hJc4Ehfc=",
        "owner": "YaLTeR",
        "repo": "niri",
        "rev": "dd75865f547f0eac0e9b6c4d86d2cd00c0744252",
        "type": "github"
      },
      "original": {
        "owner": "YaLTeR",
        "repo": "niri",
        "type": "github"
      }
    },
    "nix-alien": {
      "inputs": {
        "flake-compat": "flake-compat",
        "nix-index-database": "nix-index-database",
        "nixpkgs": [
          "nixpkgs"
        ]
      },
      "locked": {
        "lastModified": 1784118096,
        "narHash": "sha256-iW7BzSkv27lII5FvrB6kPRO0CzOZj8utOIpvcFWjHgw=",
        "owner": "thiagokokada",
        "repo": "nix-alien",
        "rev": "df422df4324674417f91dee49bae401eef87c6ed",
        "type": "github"
      },
      "original": {
        "owner": "thiagokokada",
        "repo": "nix-alien",
        "type": "github"
      }
    },
    "nix-index-database": {
      "inputs": {
        "nixpkgs": [
          "nix-alien",
          "nixpkgs"
        ]
      },
      "locked": {
        "lastModified": 1783864904,
        "narHash": "sha256-BQxN5UMg9FOevAsgBRwPxfxlh51Puj+dNn/8Dsi3sPM=",
        "owner": "nix-community",
        "repo": "nix-index-database",
        "rev": "1111b9bc836afb7e31a7014e8d1272de9b1c917d",
        "type": "github"
      },
      "original": {
        "owner": "nix-community",
        "repo": "nix-index-database",
        "type": "github"
      }
    },
    "nix-index-database_2": {
      "inputs": {
        "nixpkgs": [
          "nixpkgs"
        ]
      },
      "locked": {
        "lastModified": 1788680125,
        "narHash": "sha256-amGSoDobwmp4CFvCn841ws2iuitus+HUJdD/gKgsrJA=",
        "owner": "nix-community",
        "repo": "nix-index-database",
        "rev": "116ad1c2adb642405ef8916f6a94c8626f971344",
        "type": "github"
      },
      "original": {
        "owner": "nix-community",
        "repo": "nix-index-database",
        "type": "github"
      }
    },
    "nixpkgs": {
      "locked": {
        "lastModified": 1788614874,
        "narHash": "sha256-7QYjT2vHLuX9Z1pdxHXDKCbh1CR3D/2rywB9Tx0MPRg=",
        "owner": "NixOS",
        "repo": "nixpkgs",
        "rev": "c043004d1c6985732bcc1cbc5a9c9aecbbb4e0f0",
        "type": "github"
      },
      "original": {
        "owner": "NixOS",
        "ref": "nixos-unstable",
        "repo": "nixpkgs",
        "type": "github"
      }
    },
    "npm-lockfile-fix": {
      "inputs": {
        "nixpkgs": [
          "hermes-agent",
          "nixpkgs"
        ]
      },
      "locked": {
        "lastModified": 1775903712,
        "narHash": "sha256-2GV79U6iVH4gKAPWYrxUReB0S41ty/Y3dBLquU8AlaA=",
        "owner": "jeslie0",
        "repo": "npm-lockfile-fix",
        "rev": "c6093acb0c0548e0f9b8b3d82918823721930fe8",
        "type": "github"
      },
      "original": {
        "owner": "jeslie0",
        "repo": "npm-lockfile-fix",
        "type": "github"
      }
    },
    "pyproject-build-systems": {
      "inputs": {
        "nixpkgs": [
          "hermes-agent",
          "nixpkgs"
        ],
        "pyproject-nix": [
          "hermes-agent",
          "pyproject-nix"
        ],
        "uv2nix": [
          "hermes-agent",
          "uv2nix"
        ]
      },
      "locked": {
        "lastModified": 1785115949,
        "narHash": "sha256-8AM37BfyGaL2v/SZyg4PupRxJ01Y4htvM+WrTjWrPpo=",
        "owner": "pyproject-nix",
        "repo": "build-system-pkgs",
        "rev": "62c0d86027edb1c4f39a5facc09876348144f7c9",
        "type": "github"
      },
      "original": {
        "owner": "pyproject-nix",
        "repo": "build-system-pkgs",
        "type": "github"
      }
    },
    "pyproject-nix": {
      "inputs": {
        "nixpkgs": [
          "hermes-agent",
          "nixpkgs"
        ]
      },
      "locked": {
        "lastModified": 1784591072,
        "narHash": "sha256-zP/WaDxrRu8GANZM61+V2LT/7ycEEdoyLWn7M6WzU7M=",
        "owner": "pyproject-nix",
        "repo": "pyproject.nix",
        "rev": "e3b599ca2e7fcf93d4edf65d7f19bbf6491724f3",
        "type": "github"
      },
      "original": {
        "owner": "pyproject-nix",
        "repo": "pyproject.nix",
        "type": "github"
      }
    },
    "root": {
      "inputs": {
        "doom-emacs": "doom-emacs",
        "hermes-agent": "hermes-agent",
        "home-manager": "home-manager_2",
        "infract": "infract",
        "musnix": "musnix",
        "niri-nix": "niri-nix",
        "nix-alien": "nix-alien",
        "nix-index-database": "nix-index-database_2",
        "nixpkgs": "nixpkgs",
        "sops-nix": "sops-nix",
        "yeetmouse": "yeetmouse"
      }
    },
    "sops-nix": {
      "inputs": {
        "nixpkgs": [
          "nixpkgs"
        ]
      },
      "locked": {
        "lastModified": 1788337237,
        "narHash": "sha256-gkSH8VUtCo6hnysNmb9DbTuDepH2t5pv+QWjP75xKAk=",
        "owner": "Mic92",
        "repo": "sops-nix",
        "rev": "fbf759290e0cb0a98dfc813a4eb7d53ad1dacb57",
        "type": "github"
      },
      "original": {
        "owner": "Mic92",
        "repo": "sops-nix",
        "type": "github"
      }
    },
    "systems": {
      "locked": {
        "lastModified": 1681028828,
        "narHash": "sha256-Vy1rq5AaRuLzOxct8nz4T6wlgyUR7zLU309k9mBC768=",
        "owner": "nix-systems",
        "repo": "default",
        "rev": "da67096a3b9bf56a91d16901293e51ba5b49a27e",
        "type": "github"
      },
      "original": {
        "owner": "nix-systems",
        "repo": "default",
        "type": "github"
      }
    },
    "uv2nix": {
      "inputs": {
        "nixpkgs": [
          "hermes-agent",
          "nixpkgs"
        ],
        "pyproject-nix": [
          "hermes-agent",
          "pyproject-nix"
        ]
      },
      "locked": {
        "lastModified": 1785277507,
        "narHash": "sha256-9Tq3UDX2hD/aveW/HvkBlAmEwJTOlY5HQXJM+L5BGmE=",
        "owner": "pyproject-nix",
        "repo": "uv2nix",
        "rev": "5a836d395cbf5fc22670eb98dd4aa4fc4d406977",
        "type": "github"
      },
      "original": {
        "owner": "pyproject-nix",
        "repo": "uv2nix",
        "type": "github"
      }
    },
    "xwayland-satellite-unstable": {
      "flake": false,
      "locked": {
        "lastModified": 1788436361,
        "narHash": "sha256-i0QYbUlC03SrOomU+37TdZ9EdtEWLaUtsCQjC7+KhNU=",
        "owner": "Supreeeme",
        "repo": "xwayland-satellite",
        "rev": "ea474b95a55ace75ad60a9bc0092a81ff5a1ba89",
        "type": "github"
      },
      "original": {
        "owner": "Supreeeme",
        "repo": "xwayland-satellite",
        "type": "github"
      }
    },
    "yeetmouse": {
      "inputs": {
        "nixpkgs": [
          "nixpkgs"
        ]
      },
      "locked": {
        "dir": "nix",
        "lastModified": 1785780364,
        "narHash": "sha256-2pa1kJHZjCztJ07xgBUyzmZt96LhxP2gzU8efyitqAw=",
        "owner": "AndyFilter",
        "repo": "YeetMouse",
        "rev": "78dcd0d573bedd5dd7b9e29e9162b28c9eb2fd7b",
        "type": "github"
      },
      "original": {
        "dir": "nix",
        "owner": "AndyFilter",
        "repo": "YeetMouse",
        "type": "github"
      }
    }
  },
  "root": "root",
  "version": 7
}
